# This lock file was generated by conda-lock (https://github.com/conda/conda-lock). DO NOT EDIT!
#
# A "lock file" contains a concrete list of package versions (with checksums) to be installed. Unlike
# e.g. `conda env create`, the resulting environment will not change as new package versions become
# available, unless you explicitly update the lock file.
#
# Install this environment as "YOURENV" with:
#     conda-lock install -n YOURENV conda-lock.yml
# To update a single package to the latest version compatible with the version constraints in the source:
#     conda-lock lock  --lockfile conda-lock.yml --update PACKAGE
# To re-solve the entire environment, e.g. after changing a version constraint in the source file:
#     conda-lock -f env.yml --lockfile conda-lock.yml
version: 1
metadata:
  content_hash:
    win-64: 75a2b3fe328335f2058c980d2fe928f3952c02ca44b9fded1955d26ac60cc704
  channels:
  - url: conda-forge
    used_env_vars: []
  platforms:
  - win-64
  sources:
  - env.yml
package:
- name: bzip2
  version: 1.0.8
  manager: conda
  platform: win-64
  dependencies:
    ucrt: '>=10.0.20348.0'
    vc: '>=14.3,<15'
    vc14_runtime: '>=14.44.35208'
  url: https://conda.anaconda.org/conda-forge/win-64/bzip2-1.0.8-h0ad9c76_8.conda
  hash:
    md5: 1077e9333c41ff0be8edd1a5ec0ddace
    sha256: d882712855624641f48aa9dc3f5feea2ed6b4e6004585d3616386a18186fe692
  category: main
  optional: false
- name: ca-certificates
  version: 2026.1.4
  manager: conda
  platform: win-64
  dependencies:
    __win: ''
  url: https://conda.anaconda.org/conda-forge/noarch/ca-certificates-2026.1.4-h4c7d964_0.conda
  hash:
    md5: 84d389c9eee640dda3d26fc5335c67d8
    sha256: 4ddcb01be03f85d3db9d881407fb13a673372f1b9fac9c836ea441893390e049
  category: main
  optional: false
- name: icu
  version: '78.2'
  manager: conda
  platform: win-64
  dependencies:
    ucrt: '>=10.0.20348.0'
    vc: '>=14.3,<15'
    vc14_runtime: '>=14.44.35208'
  url: https://conda.anaconda.org/conda-forge/win-64/icu-78.2-h637d24d_0.conda
  hash:
    md5: 0ee3bb487600d5e71ab7d28951b2016a
    sha256: 5a41fb28971342e293769fc968b3414253a2f8d9e30ed7c31517a15b4887246a
  category: main
  optional: false
- name: libblas
  version: 3.11.0
  manager: conda
  platform: win-64
  dependencies:
    mkl: '>=2025.3.0,<2026.0a0'
  url: https://conda.anaconda.org/conda-forge/win-64/libblas-3.11.0-5_hf2e6a31_mkl.conda
  hash:
    md5: f9decf88743af85c9c9e05556a4c47c0
    sha256: f0cb7b2697461a306341f7ff32d5b361bb84f3e94478464c1e27ee01fc8f276b
  category: main
  optional: false
- name: libcblas
  version: 3.11.0
  manager: conda
  platform: win-64
  dependencies:
    libblas: 3.11.0
  url: https://conda.anaconda.org/conda-forge/win-64/libcblas-3.11.0-5_h2a3cdd5_mkl.conda
  hash:
    md5: b3fa8e8b55310ba8ef0060103afb02b5
    sha256: 49dc59d8e58360920314b8d276dd80da7866a1484a9abae4ee2760bc68f3e68d
  category: main
  optional: false
- name: libexpat
  version: 2.7.3
  manager: conda
  platform: win-64
  dependencies:
    ucrt: '>=10.0.20348.0'
    vc: '>=14.3,<15'
    vc14_runtime: '>=14.44.35208'
  url: https://conda.anaconda.org/conda-forge/win-64/libexpat-2.7.3-hac47afa_0.conda
  hash:
    md5: 8c9e4f1a0e688eef2e95711178061a0f
    sha256: 844ab708594bdfbd7b35e1a67c379861bcd180d6efe57b654f482ae2f7f5c21e
  category: main
  optional: false
- name: libffi
  version: 3.5.2
  manager: conda
  platform: win-64
  dependencies:
    ucrt: '>=10.0.20348.0'
    vc: '>=14.3,<15'
    vc14_runtime: '>=14.44.35208'
  url: https://conda.anaconda.org/conda-forge/win-64/libffi-3.5.2-h52bdfb6_0.conda
  hash:
    md5: ba4ad812d2afc22b9a34ce8327a0930f
    sha256: ddff25aaa4f0aa535413f5d831b04073789522890a4d8626366e43ecde1534a3
  category: main
  optional: false
- name: libhwloc
  version: 2.12.2
  manager: conda
  platform: win-64
  dependencies:
    libwinpthread: '>=12.0.0.r4.gg4f2fc60ca'
    libxml2: ''
    libxml2-16: '>=2.14.6'
    ucrt: '>=10.0.20348.0'
    vc: '>=14.3,<15'
    vc14_runtime: '>=14.44.35208'
  url: https://conda.anaconda.org/conda-forge/win-64/libhwloc-2.12.2-default_h4379cf1_1000.conda
  hash:
    md5: 3b576f6860f838f950c570f4433b086e
    sha256: 8cdf11333a81085468d9aa536ebb155abd74adc293576f6013fc0c85a7a90da3
  category: main
  optional: false
- name: libiconv
  version: '1.18'
  manager: conda
  platform: win-64
  dependencies:
    ucrt: '>=10.0.20348.0'
    vc: '>=14.3,<15'
    vc14_runtime: '>=14.44.35208'
  url: https://conda.anaconda.org/conda-forge/win-64/libiconv-1.18-hc1393d2_2.conda
  hash:
    md5: 64571d1dd6cdcfa25d0664a5950fdaa2
    sha256: 0dcdb1a5f01863ac4e8ba006a8b0dc1a02d2221ec3319b5915a1863254d7efa7
  category: main
  optional: false
- name: liblapack
  version: 3.11.0
  manager: conda
  platform: win-64
  dependencies:
    libblas: 3.11.0
  url: https://conda.anaconda.org/conda-forge/win-64/liblapack-3.11.0-5_hf9ab0e9_mkl.conda
  hash:
    md5: e62c42a4196dee97d20400612afcb2b1
    sha256: a2d33f5cc2b8a9042f2af6981c6733ab1a661463823eaa56595a9c58c0ab77e1
  category: main
  optional: false
- name: liblzma
  version: 5.8.2
  manager: conda
  platform: win-64
  dependencies:
    ucrt: '>=10.0.20348.0'
    vc: '>=14.3,<15'
    vc14_runtime: '>=14.44.35208'
  url: https://conda.anaconda.org/conda-forge/win-64/liblzma-5.8.2-hfd05255_0.conda
  hash:
    md5: ba0bfd4c3cf73f299ffe46ff0eaeb8e3
    sha256: f25bf293f550c8ed2e0c7145eb404324611cfccff37660869d97abf526eb957c
  category: main
  optional: false
- name: libsqlite
  version: 3.51.2
  manager: conda
  platform: win-64
  dependencies:
    ucrt: '>=10.0.20348.0'
    vc: '>=14.3,<15'
    vc14_runtime: '>=14.44.35208'
  url: https://conda.anaconda.org/conda-forge/win-64/libsqlite-3.51.2-hf5d6505_0.conda
  hash:
    md5: 903979414b47d777d548e5f0165e6cd8
    sha256: 756478128e3e104bd7e7c3ce6c1b0efad7e08c7320c69fdc726e039323c63fbb
  category: main
  optional: false
- name: libwinpthread
  version: 12.0.0.r4.gg4f2fc60ca
  manager: conda
  platform: win-64
  dependencies:
    ucrt: ''
  url: https://conda.anaconda.org/conda-forge/win-64/libwinpthread-12.0.0.r4.gg4f2fc60ca-h57928b3_10.conda
  hash:
    md5: 8a86073cf3b343b87d03f41790d8b4e5
    sha256: 0fccf2d17026255b6e10ace1f191d0a2a18f2d65088fd02430be17c701f8ffe0
  category: main
  optional: false
- name: libxml2
  version: 2.15.1
  manager: conda
  platform: win-64
  dependencies:
    icu: '>=78.1,<79.0a0'
    libiconv: '>=1.18,<2.0a0'
    liblzma: '>=5.8.1,<6.0a0'
    libxml2-16: 2.15.1
    libzlib: '>=1.3.1,<2.0a0'
    ucrt: '>=10.0.20348.0'
    vc: '>=14.3,<15'
    vc14_runtime: '>=14.44.35208'
  url: https://conda.anaconda.org/conda-forge/win-64/libxml2-2.15.1-h779ef1b_1.conda
  hash:
    md5: 68dc154b8d415176c07b6995bd3a65d9
    sha256: 8b47d5fb00a6ccc0f495d16787ab5f37a434d51965584d6000966252efecf56d
  category: main
  optional: false
- name: libxml2-16
  version: 2.15.1
  manager: conda
  platform: win-64
  dependencies:
    icu: '>=78.1,<79.0a0'
    libiconv: '>=1.18,<2.0a0'
    liblzma: '>=5.8.1,<6.0a0'
    libzlib: '>=1.3.1,<2.0a0'
    ucrt: '>=10.0.20348.0'
    vc: '>=14.3,<15'
    vc14_runtime: '>=14.44.35208'
  url: https://conda.anaconda.org/conda-forge/win-64/libxml2-16-2.15.1-h3cfd58e_1.conda
  hash:
    md5: 07d73826fde28e7dbaec52a3297d7d26
    sha256: a857e941156b7f462063e34e086d212c6ccbc1521ebdf75b9ed66bd90add57dc
  category: main
  optional: false
- name: libzlib
  version: 1.3.1
  manager: conda
  platform: win-64
  dependencies:
    ucrt: '>=10.0.20348.0'
    vc: '>=14.2,<15'
    vc14_runtime: '>=14.29.30139'
  url: https://conda.anaconda.org/conda-forge/win-64/libzlib-1.3.1-h2466b09_2.conda
  hash:
    md5: 41fbfac52c601159df6c01f875de31b9
    sha256: ba945c6493449bed0e6e29883c4943817f7c79cbff52b83360f7b341277c6402
  category: main
  optional: false
- name: llvm-openmp
  version: 21.1.8
  manager: conda
  platform: win-64
  dependencies:
    ucrt: '>=10.0.20348.0'
    vc: '>=14.3,<15'
    vc14_runtime: '>=14.44.35208'
  url: https://conda.anaconda.org/conda-forge/win-64/llvm-openmp-21.1.8-h4fa8253_0.conda
  hash:
    md5: 0d8b425ac862bcf17e4b28802c9351cb
    sha256: 145c4370abe870f10987efa9fc15a8383f1dab09abbc9ad4ff15a55d45658f7b
  category: main
  optional: false
- name: mkl
  version: 2025.3.0
  manager: conda
  platform: win-64
  dependencies:
    llvm-openmp: '>=21.1.8'
    tbb: '>=2022.3.0'
    ucrt: '>=10.0.20348.0'
    vc: '>=14.3,<15'
    vc14_runtime: '>=14.44.35208'
  url: https://conda.anaconda.org/conda-forge/win-64/mkl-2025.3.0-hac47afa_455.conda
  hash:
    md5: fd05d1e894497b012d05a804232254ed
    sha256: b2b4c84b95210760e4d12319416c60ab66e03674ccdcbd14aeb59f82ebb1318d
  category: main
  optional: false
- name: numpy
  version: 2.4.1
  manager: conda
  platform: win-64
  dependencies:
    libblas: '>=3.9.0,<4.0a0'
    libcblas: '>=3.9.0,<4.0a0'
    liblapack: '>=3.9.0,<4.0a0'
    python: ''
    python_abi: 3.11.*
    ucrt: '>=10.0.20348.0'
    vc: '>=14.3,<15'
    vc14_runtime: '>=14.44.35208'
  url: https://conda.anaconda.org/conda-forge/win-64/numpy-2.4.1-py311h80b3fa1_0.conda
  hash:
    md5: 387094bb33448f55432ea38cf9b62f1f
    sha256: 51c0314092c3e1077679379703af41b0ab89b5eacfdfba142ad2670fdce3ca32
  category: main
  optional: false
- name: openssl
  version: 3.6.0
  manager: conda
  platform: win-64
  dependencies:
    ca-certificates: ''
    ucrt: '>=10.0.20348.0'
    vc: '>=14.3,<15'
    vc14_runtime: '>=14.44.35208'
  url: https://conda.anaconda.org/conda-forge/win-64/openssl-3.6.0-h725018a_0.conda
  hash:
    md5: 84f8fb4afd1157f59098f618cd2437e4
    sha256: 6d72d6f766293d4f2aa60c28c244c8efed6946c430814175f959ffe8cab899b3
  category: main
  optional: false
- name: pip
  version: '25.3'
  manager: conda
  platform: win-64
  dependencies:
    python: '>=3.10,<3.13.0a0'
    setuptools: ''
    wheel: ''
  url: https://conda.anaconda.org/conda-forge/noarch/pip-25.3-pyh8b19718_0.conda
  hash:
    md5: c55515ca43c6444d2572e0f0d93cb6b9
    sha256: b67692da1c0084516ac1c9ada4d55eaf3c5891b54980f30f3f444541c2706f1e
  category: main
  optional: false
- name: python
  version: 3.11.14
  manager: conda
  platform: win-64
  dependencies:
    bzip2: '>=1.0.8,<2.0a0'
    libexpat: '>=2.7.1,<3.0a0'
    libffi: '>=3.5.2,<3.6.0a0'
    liblzma: '>=5.8.1,<6.0a0'
    libsqlite: '>=3.50.4,<4.0a0'
    libzlib: '>=1.3.1,<2.0a0'
    openssl: '>=3.5.4,<4.0a0'
    pip: ''
    tk: '>=8.6.13,<8.7.0a0'
    tzdata: ''
    ucrt: '>=10.0.20348.0'
    vc: '>=14.3,<15'
    vc14_runtime: '>=14.44.35208'
  url: https://conda.anaconda.org/conda-forge/win-64/python-3.11.14-h0159041_2_cpython.conda
  hash:
    md5: 02a9ba5950d8b78e6c9862d6ba7a5045
    sha256: d5f455472597aefcdde1bc39bca313fcb40bf084f3ad987da0441f2a2ec242e4
  category: main
  optional: false
- name: python_abi
  version: '3.11'
  manager: conda
  platform: win-64
  dependencies: {}
  url: https://conda.anaconda.org/conda-forge/noarch/python_abi-3.11-8_cp311.conda
  hash:
    md5: 8fcb6b0e2161850556231336dae58358
    sha256: fddf123692aa4b1fc48f0471e346400d9852d96eeed77dbfdd746fa50a8ff894
  category: main
  optional: false
- name: setuptools
  version: 80.9.0
  manager: conda
  platform: win-64
  dependencies:
    python: '>=3.9'
  url: https://conda.anaconda.org/conda-forge/noarch/setuptools-80.9.0-pyhff2d567_0.conda
  hash:
    md5: 4de79c071274a53dcaf2a8c749d1499e
    sha256: 972560fcf9657058e3e1f97186cc94389144b46dbdf58c807ce62e83f977e863
  category: main
  optional: false
- name: tbb
  version: 2022.3.0
  manager: conda
  platform: win-64
  dependencies:
    libhwloc: '>=2.12.2,<2.12.3.0a0'
    ucrt: '>=10.0.20348.0'
    vc: '>=14.3,<15'
    vc14_runtime: '>=14.44.35208'
  url: https://conda.anaconda.org/conda-forge/win-64/tbb-2022.3.0-h3155e25_2.conda
  hash:
    md5: 0f9817ffbe25f9e69ceba5ea70c52606
    sha256: abd9a489f059fba85c8ffa1abdaa4d515d6de6a3325238b8e81203b913cf65a9
  category: main
  optional: false
- name: tk
  version: 8.6.13
  manager: conda
  platform: win-64
  dependencies:
    ucrt: '>=10.0.20348.0'
    vc: '>=14.2,<15'
    vc14_runtime: '>=14.29.30139'
  url: https://conda.anaconda.org/conda-forge/win-64/tk-8.6.13-h2c6b04d_3.conda
  hash:
    md5: 7cb36e506a7dba4817970f8adb6396f9
    sha256: 4581f4ffb432fefa1ac4f85c5682cc27014bcd66e7beaa0ee330e927a7858790
  category: main
  optional: false
- name: tzdata
  version: 2025c
  manager: conda
  platform: win-64
  dependencies: {}
  url: https://conda.anaconda.org/conda-forge/noarch/tzdata-2025c-hc9c84f9_1.conda
  hash:
    md5: ad659d0a2b3e47e38d829aa8cad2d610
    sha256: 1d30098909076af33a35017eed6f2953af1c769e273a0626a04722ac4acaba3c
  category: main
  optional: false
- name: ucrt
  version: 10.0.26100.0
  manager: conda
  platform: win-64
  dependencies: {}
  url: https://conda.anaconda.org/conda-forge/win-64/ucrt-10.0.26100.0-h57928b3_0.conda
  hash:
    md5: 71b24316859acd00bdb8b38f5e2ce328
    sha256: 3005729dce6f3d3f5ec91dfc49fc75a0095f9cd23bab49efb899657297ac91a5
  category: main
  optional: false
- name: vc
  version: '14.3'
  manager: conda
  platform: win-64
  dependencies:
    vc14_runtime: '>=14.44.35208'
  url: https://conda.anaconda.org/conda-forge/win-64/vc-14.3-h41ae7f8_34.conda
  hash:
    md5: 1e610f2416b6acdd231c5f573d754a0f
    sha256: 9dc40c2610a6e6727d635c62cced5ef30b7b30123f5ef67d6139e23d21744b3a
  category: main
  optional: false
- name: vc14_runtime
  version: 14.44.35208
  manager: conda
  platform: win-64
  dependencies:
    ucrt: '>=10.0.20348.0'
    vcomp14: 14.44.35208
  url: https://conda.anaconda.org/conda-forge/win-64/vc14_runtime-14.44.35208-h818238b_34.conda
  hash:
    md5: 37eb311485d2d8b2c419449582046a42
    sha256: 02732f953292cce179de9b633e74928037fa3741eb5ef91c3f8bae4f761d32a5
  category: main
  optional: false
- name: vcomp14
  version: 14.44.35208
  manager: conda
  platform: win-64
  dependencies:
    ucrt: '>=10.0.20348.0'
  url: https://conda.anaconda.org/conda-forge/win-64/vcomp14-14.44.35208-h818238b_34.conda
  hash:
    md5: 242d9f25d2ae60c76b38a5e42858e51d
    sha256: 878d5d10318b119bd98ed3ed874bd467acbe21996e1d81597a1dbf8030ea0ce6
  category: main
  optional: false
- name: wheel
  version: 0.45.1
  manager: conda
  platform: win-64
  dependencies:
    python: '>=3.9'
  url: https://conda.anaconda.org/conda-forge/noarch/wheel-0.45.1-pyhd8ed1ab_1.conda
  hash:
    md5: 75cb7132eb58d97896e173ef12ac9986
    sha256: 1b34021e815ff89a4d902d879c3bd2040bc1bd6169b32e9427497fa05c55f1ce
  category: main
  optional: false
